
Microsoft Visual Studio Solution File, Format Version 12.00
# Visual Studio Version 17
VisualStudioVersion = 17.12.35527.113
MinimumVisualStudioVersion = 10.0.40219.1
Project("{FAE04EC0-301F-11D3-BF4B-00C04F79EFBC}") = "Data", "Data\Data.csproj", "{74E7A02D-4050-48D8-9EE2-67C200050ADD}"
EndProject
Project("{FAE04EC0-301F-11D3-BF4B-00C04F79EFBC}") = "Backend.Api", "Backend.Api\Backend.Api.csproj", "{5CEFAB14-0C61-4DF2-86B4-5AED8CFA4E0A}"
EndProject
Global
	GlobalSection(SolutionConfigurationPlatforms) = preSolution
		Debug|Any CPU = Debug|Any CPU
		Release|Any CPU = Release|Any CPU
	EndGlobalSection
	GlobalSection(ProjectConfigurationPlatforms) = postSolution
		{74E7A02D-4050-48D8-9EE2-67C200050ADD}.Debug|Any CPU.ActiveCfg = Debug|Any CPU
		{74E7A02D-4050-48D8-9EE2-67C200050ADD}.Debug|Any CPU.Build.0 = Debug|Any CPU
		{74E7A02D-4050-48D8-9EE2-67C200050ADD}.Release|Any CPU.ActiveCfg = Release|Any CPU
		{74E7A02D-4050-48D8-9EE2-67C200050ADD}.Release|Any CPU.Build.0 = Release|Any CPU
		{5CEFAB14-0C61-4DF2-86B4-5AED8CFA4E0A}.Debug|Any CPU.ActiveCfg = Debug|Any CPU
		{5CEFAB14-0C61-4DF2-86B4-5AED8CFA4E0A}.Debug|Any CPU.Build.0 = Debug|Any CPU
		{5CEFAB14-0C61-4DF2-86B4-5AED8CFA4E0A}.Release|Any CPU.ActiveCfg = Release|Any CPU
		{5CEFAB14-0C61-4DF2-86B4-5AED8CFA4E0A}.Release|Any CPU.Build.0 = Release|Any CPU
	EndGlobalSection
	GlobalSection(SolutionProperties) = preSolution
		HideSolutionNode = FALSE
	EndGlobalSection
EndGlobal
